{
  "name": "parstager",
  "lockfileVersion": 2,
  "requires": true,
  "packages": {
    "": {
      "dependencies": {
        "parinfer": "^3.13.1"
      }
    },
    "node_modules/parinfer": {
      "version": "3.13.1",
      "resolved": "https://registry.npmjs.org/parinfer/-/parinfer-3.13.1.tgz",
      "integrity": "sha512-OmGwLV5YExj8FgvbwHu9CvCDq4MtaXIBwXzHOdDEibn1rovUFu60IXJDAG0Z2NbDuxsUSYv8BUMmFv9IdmwtKA=="
    }
  },
  "dependencies": {
    "parinfer": {
      "version": "3.13.1",
      "resolved": "https://registry.npmjs.org/parinfer/-/parinfer-3.13.1.tgz",
      "integrity": "sha512-OmGwLV5YExj8FgvbwHu9CvCDq4MtaXIBwXzHOdDEibn1rovUFu60IXJDAG0Z2NbDuxsUSYv8BUMmFv9IdmwtKA=="
    }
  }
}
